
Microsoft Visual Studio Solution File, Format Version 12.00
# Visual Studio Version 16
VisualStudioVersion = 16.0.32002.261
MinimumVisualStudioVersion = 10.0.40219.1
Project("{FAE04EC0-301F-11D3-BF4B-00C04F79EFBC}") = "DatabazeMySQL", "DatabazeMySQL\DatabazeMySQL.csproj", "{65A35D7F-EC8B-45B5-B429-240D2202C3BC}"
EndProject
Global
	GlobalSection(SolutionConfigurationPlatforms) = preSolution
		Debug|Any CPU = Debug|Any CPU
		Release|Any CPU = Release|Any CPU
	EndGlobalSection
	GlobalSection(ProjectConfigurationPlatforms) = postSolution
		{65A35D7F-EC8B-45B5-B429-240D2202C3BC}.Debug|Any CPU.ActiveCfg = Debug|Any CPU
		{65A35D7F-EC8B-45B5-B429-240D2202C3BC}.Debug|Any CPU.Build.0 = Debug|Any CPU
		{65A35D7F-EC8B-45B5-B429-240D2202C3BC}.Release|Any CPU.ActiveCfg = Release|Any CPU
		{65A35D7F-EC8B-45B5-B429-240D2202C3BC}.Release|Any CPU.Build.0 = Release|Any CPU
	EndGlobalSection
	GlobalSection(SolutionProperties) = preSolution
		HideSolutionNode = FALSE
	EndGlobalSection
	GlobalSection(ExtensibilityGlobals) = postSolution
		SolutionGuid = {8F20B3DA-F104-4B79-B5B0-1C63850FEA63}
	EndGlobalSection
EndGlobal
